
Microsoft Visual Studio Solution File, Format Version 12.00
# Visual Studio Version 17
VisualStudioVersion = 17.9.34607.119
MinimumVisualStudioVersion = 10.0.40219.1
Project("{9A19103F-16F7-4668-BE54-9A1E7A4F7556}") = "Common", "Common\Common.csproj", "{5CF96172-07E1-42A9-B694-BA9E77176DCD}"
EndProject
Project("{9A19103F-16F7-4668-BE54-9A1E7A4F7556}") = "VS2013Test", "VS2013Test\VS2013Test.csproj", "{1C95677E-36D8-4EA7-AA67-D2E092C2827D}"
EndProject
Project("{FAE04EC0-301F-11D3-BF4B-00C04F79EFBC}") = "Logwatcher.LogGeneratorConsole", "Logwatcher.LogGeneratorConsole\Logwatcher.LogGeneratorConsole.csproj", "{0C133749-14A8-4061-89B9-68C589D2F1AD}"
EndProject
Global
	GlobalSection(SolutionConfigurationPlatforms) = preSolution
		Debug|Any CPU = Debug|Any CPU
		Release|Any CPU = Release|Any CPU
	EndGlobalSection
	GlobalSection(ProjectConfigurationPlatforms) = postSolution
		{5CF96172-07E1-42A9-B694-BA9E77176DCD}.Debug|Any CPU.ActiveCfg = Debug|Any CPU
		{5CF96172-07E1-42A9-B694-BA9E77176DCD}.Debug|Any CPU.Build.0 = Debug|Any CPU
		{5CF96172-07E1-42A9-B694-BA9E77176DCD}.Release|Any CPU.ActiveCfg = Release|Any CPU
		{5CF96172-07E1-42A9-B694-BA9E77176DCD}.Release|Any CPU.Build.0 = Release|Any CPU
		{1C95677E-36D8-4EA7-AA67-D2E092C2827D}.Debug|Any CPU.ActiveCfg = Debug|Any CPU
		{1C95677E-36D8-4EA7-AA67-D2E092C2827D}.Debug|Any CPU.Build.0 = Debug|Any CPU
		{1C95677E-36D8-4EA7-AA67-D2E092C2827D}.Release|Any CPU.ActiveCfg = Release|Any CPU
		{1C95677E-36D8-4EA7-AA67-D2E092C2827D}.Release|Any CPU.Build.0 = Release|Any CPU
		{0C133749-14A8-4061-89B9-68C589D2F1AD}.Debug|Any CPU.ActiveCfg = Debug|Any CPU
		{0C133749-14A8-4061-89B9-68C589D2F1AD}.Debug|Any CPU.Build.0 = Debug|Any CPU
		{0C133749-14A8-4061-89B9-68C589D2F1AD}.Release|Any CPU.ActiveCfg = Release|Any CPU
		{0C133749-14A8-4061-89B9-68C589D2F1AD}.Release|Any CPU.Build.0 = Release|Any CPU
	EndGlobalSection
	GlobalSection(SolutionProperties) = preSolution
		HideSolutionNode = FALSE
	EndGlobalSection
	GlobalSection(ExtensibilityGlobals) = postSolution
		SolutionGuid = {503F4765-F447-4899-8849-975A9616D60D}
	EndGlobalSection
EndGlobal
